// !$*UTF8*$!
{
	archiveVersion = 1;
	classes = {
	};
	objectVersion = 46;
	objects = {

/* Begin PBXBuildFile section */
		BF319C7F19C9AE95004B04FC /* zebra.jpg in Resources */ = {isa = PBXBuildFile; fileRef = BF319C7E19C9AE95004B04FC /* zebra.jpg */; };
		BF40580D19C8509C00986769 /* pass.jpg in Resources */ = {isa = PBXBuildFile; fileRef = BF40580C19C8509C00986769 /* pass.jpg */; };
		BF40581019C8560700986769 /* SplitImage.m in Sources */ = {isa = PBXBuildFile; fileRef = BF40580F19C8560700986769 /* SplitImage.m */; };
		BFBD07D219CAC2E0006A5247 /* CustomView.m in Sources */ = {isa = PBXBuildFile; fileRef = BFBD07D119CAC2E0006A5247 /* CustomView.m */; };
		BFBD07D419D06A43006A5247 /* team.png in Resources */ = {isa = PBXBuildFile; fileRef = BFBD07D319D06A43006A5247 /* team.png */; };
		BFBD07D619D15C3B006A5247 /* lighthouse.jpg in Resources */ = {isa = PBXBuildFile; fileRef = BFBD07D519D15C3B006A5247 /* lighthouse.jpg */; };
		BFC82F9619B9EFFB00F4436F /* Foundation.framework in Frameworks */ = {isa = PBXBuildFile; fileRef = BFC82F9519B9EFFB00F4436F /* Foundation.framework */; };
		BFC82F9819B9EFFB00F4436F /* CoreGraphics.framework in Frameworks */ = {isa = PBXBuildFile; fileRef = BFC82F9719B9EFFB00F4436F /* CoreGraphics.framework */; };
		BFC82F9A19B9EFFB00F4436F /* UIKit.framework in Frameworks */ = {isa = PBXBuildFile; fileRef = BFC82F9919B9EFFB00F4436F /* UIKit.framework */; };
		BFC82FA019B9EFFB00F4436F /* InfoPlist.strings in Resources */ = {isa = PBXBuildFile; fileRef = BFC82F9E19B9EFFB00F4436F /* InfoPlist.strings */; };
		BFC82FA219B9EFFB00F4436F /* main.m in Sources */ = {isa = PBXBuildFile; fileRef = BFC82FA119B9EFFB00F4436F /* main.m */; };
		BFC82FA619B9EFFB00F4436F /* PROCAppDelegate.m in Sources */ = {isa = PBXBuildFile; fileRef = BFC82FA519B9EFFB00F4436F /* PROCAppDelegate.m */; };
		BFC82FA919B9EFFB00F4436F /* Main_iPhone.storyboard in Resources */ = {isa = PBXBuildFile; fileRef = BFC82FA719B9EFFB00F4436F /* Main_iPhone.storyboard */; };
		BFC82FAC19B9EFFB00F4436F /* Main_iPad.storyboard in Resources */ = {isa = PBXBuildFile; fileRef = BFC82FAA19B9EFFB00F4436F /* Main_iPad.storyboard */; };
		BFC82FAF19B9EFFB00F4436F /* PROCViewController.m in Sources */ = {isa = PBXBuildFile; fileRef = BFC82FAE19B9EFFB00F4436F /* PROCViewController.m */; };
		BFC82FB119B9EFFB00F4436F /* Images.xcassets in Resources */ = {isa = PBXBuildFile; fileRef = BFC82FB019B9EFFB00F4436F /* Images.xcassets */; };
		BFC82FB819B9EFFB00F4436F /* XCTest.framework in Frameworks */ = {isa = PBXBuildFile; fileRef = BFC82FB719B9EFFB00F4436F /* XCTest.framework */; };
		BFC82FB919B9EFFB00F4436F /* Foundation.framework in Frameworks */ = {isa = PBXBuildFile; fileRef = BFC82F9519B9EFFB00F4436F /* Foundation.framework */; };
		BFC82FBA19B9EFFB00F4436F /* UIKit.framework in Frameworks */ = {isa = PBXBuildFile; fileRef = BFC82F9919B9EFFB00F4436F /* UIKit.framework */; };
		BFC82FC219B9EFFB00F4436F /* InfoPlist.strings in Resources */ = {isa = PBXBuildFile; fileRef = BFC82FC019B9EFFB00F4436F /* InfoPlist.strings */; };
		BFC82FC419B9EFFB00F4436F /* ProximityChatTests.m in Sources */ = {isa = PBXBuildFile; fileRef = BFC82FC319B9EFFB00F4436F /* ProximityChatTests.m */; };
		BFC82FCE19BD9CAF00F4436F /* GameKit.framework in Frameworks */ = {isa = PBXBuildFile; fileRef = BFC82FCD19BD9CAF00F4436F /* GameKit.framework */; };
		BFC82FD019C0287700F4436F /* iAd.framework in Frameworks */ = {isa = PBXBuildFile; fileRef = BFC82FCF19C0287700F4436F /* iAd.framework */; };
/* End PBXBuildFile section */

/* Begin PBXContainerItemProxy section */
		BFC82FBB19B9EFFB00F4436F /* PBXContainerItemProxy */ = {
			isa = PBXContainerItemProxy;
			containerPortal = BFC82F8A19B9EFFA00F4436F /* Project object */;
			proxyType = 1;
			remoteGlobalIDString = BFC82F9119B9EFFA00F4436F;
			remoteInfo = ProximityChat;
		};
/* End PBXContainerItemProxy section */

/* Begin PBXFileReference section */
		BF319C7E19C9AE95004B04FC /* zebra.jpg */ = {isa = PBXFileReference; lastKnownFileType = image.jpeg; path = zebra.jpg; sourceTree = "<group>"; };
		BF40580C19C8509C00986769 /* pass.jpg */ = {isa = PBXFileReference; lastKnownFileType = image.jpeg; path = pass.jpg; sourceTree = "<group>"; };
		BF40580E19C8560700986769 /* SplitImage.h */ = {isa = PBXFileReference; fileEncoding = 4; lastKnownFileType = sourcecode.c.h; path = SplitImage.h; sourceTree = "<group>"; };
		BF40580F19C8560700986769 /* SplitImage.m */ = {isa = PBXFileReference; fileEncoding = 4; lastKnownFileType = sourcecode.c.objc; path = SplitImage.m; sourceTree = "<group>"; };
		BFBD07D019CAC2E0006A5247 /* CustomView.h */ = {isa = PBXFileReference; fileEncoding = 4; lastKnownFileType = sourcecode.c.h; path = CustomView.h; sourceTree = "<group>"; };
		BFBD07D119CAC2E0006A5247 /* CustomView.m */ = {isa = PBXFileReference; fileEncoding = 4; lastKnownFileType = sourcecode.c.objc; path = CustomView.m; sourceTree = "<group>"; };
		BFBD07D319D06A43006A5247 /* team.png */ = {isa = PBXFileReference; lastKnownFileType = image.png; path = team.png; sourceTree = "<group>"; };
		BFBD07D519D15C3B006A5247 /* lighthouse.jpg */ = {isa = PBXFileReference; lastKnownFileType = image.jpeg; path = lighthouse.jpg; sourceTree = "<group>"; };
		BFC82F9219B9EFFA00F4436F /* ProximityChat.app */ = {isa = PBXFileReference; explicitFileType = wrapper.application; includeInIndex = 0; path = ProximityChat.app; sourceTree = BUILT_PRODUCTS_DIR; };
		BFC82F9519B9EFFB00F4436F /* Foundation.framework */ = {isa = PBXFileReference; lastKnownFileType = wrapper.framework; name = Foundation.framework; path = System/Library/Frameworks/Foundation.framework; sourceTree = SDKROOT; };
		BFC82F9719B9EFFB00F4436F /* CoreGraphics.framework */ = {isa = PBXFileReference; lastKnownFileType = wrapper.framework; name = CoreGraphics.framework; path = System/Library/Frameworks/CoreGraphics.framework; sourceTree = SDKROOT; };
		BFC82F9919B9EFFB00F4436F /* UIKit.framework */ = {isa = PBXFileReference; lastKnownFileType = wrapper.framework; name = UIKit.framework; path = System/Library/Frameworks/UIKit.framework; sourceTree = SDKROOT; };
		BFC82F9D19B9EFFB00F4436F /* ProximityChat-Info.plist */ = {isa = PBXFileReference; lastKnownFileType = text.plist.xml; path = "ProximityChat-Info.plist"; sourceTree = "<group>"; };
		BFC82F9F19B9EFFB00F4436F /* en */ = {isa = PBXFileReference; lastKnownFileType = text.plist.strings; name = en; path = en.lproj/InfoPlist.strings; sourceTree = "<group>"; };
		BFC82FA119B9EFFB00F4436F /* main.m */ = {isa = PBXFileReference; lastKnownFileType = sourcecode.c.objc; path = main.m; sourceTree = "<group>"; };
		BFC82FA319B9EFFB00F4436F /* ProximityChat-Prefix.pch */ = {isa = PBXFileReference; lastKnownFileType = sourcecode.c.h; path = "ProximityChat-Prefix.pch"; sourceTree = "<group>"; };
		BFC82FA419B9EFFB00F4436F /* PROCAppDelegate.h */ = {isa = PBXFileReference; lastKnownFileType = sourcecode.c.h; path = PROCAppDelegate.h; sourceTree = "<group>"; };
		BFC82FA519B9EFFB00F4436F /* PROCAppDelegate.m */ = {isa = PBXFileReference; lastKnownFileType = sourcecode.c.objc; path = PROCAppDelegate.m; sourceTree = "<group>"; };
		BFC82FA819B9EFFB00F4436F /* Base */ = {isa = PBXFileReference; lastKnownFileType = file.storyboard; name = Base; path = Base.lproj/Main_iPhone.storyboard; sourceTree = "<group>"; };
		BFC82FAB19B9EFFB00F4436F /* Base */ = {isa = PBXFileReference; lastKnownFileType = file.storyboard; name = Base; path = Base.lproj/Main_iPad.storyboard; sourceTree = "<group>"; };
		BFC82FAD19B9EFFB00F4436F /* PROCViewController.h */ = {isa = PBXFileReference; lastKnownFileType = sourcecode.c.h; path = PROCViewController.h; sourceTree = "<group>"; };
		BFC82FAE19B9EFFB00F4436F /* PROCViewController.m */ = {isa = PBXFileReference; lastKnownFileType = sourcecode.c.objc; path = PROCViewController.m; sourceTree = "<group>"; };
		BFC82FB019B9EFFB00F4436F /* Images.xcassets */ = {isa = PBXFileReference; lastKnownFileType = folder.assetcatalog; path = Images.xcassets; sourceTree = "<group>"; };
		BFC82FB619B9EFFB00F4436F /* ProximityChatTests.xctest */ = {isa = PBXFileReference; explicitFileType = wrapper.cfbundle; includeInIndex = 0; path = ProximityChatTests.xctest; sourceTree = BUILT_PRODUCTS_DIR; };
		BFC82FB719B9EFFB00F4436F /* XCTest.framework */ = {isa = PBXFileReference; lastKnownFileType = wrapper.framework; name = XCTest.framework; path = Library/Frameworks/XCTest.framework; sourceTree = DEVELOPER_DIR; };
		BFC82FBF19B9EFFB00F4436F /* ProximityChatTests-Info.plist */ = {isa = PBXFileReference; lastKnownFileType = text.plist.xml; path = "ProximityChatTests-Info.plist"; sourceTree = "<group>"; };
		BFC82FC119B9EFFB00F4436F /* en */ = {isa = PBXFileReference; lastKnownFileType = text.plist.strings; name = en; path = en.lproj/InfoPlist.strings; sourceTree = "<group>"; };
		BFC82FC319B9EFFB00F4436F /* ProximityChatTests.m */ = {isa = PBXFileReference; lastKnownFileType = sourcecode.c.objc; path = ProximityChatTests.m; sourceTree = "<group>"; };
		BFC82FCD19BD9CAF00F4436F /* GameKit.framework */ = {isa = PBXFileReference; lastKnownFileType = wrapper.framework; name = GameKit.framework; path = System/Library/Frameworks/GameKit.framework; sourceTree = SDKROOT; };
		BFC82FCF19C0287700F4436F /* iAd.framework */ = {isa = PBXFileReference; lastKnownFileType = wrapper.framework; name = iAd.framework; path = System/Library/Frameworks/iAd.framework; sourceTree = SDKROOT; };
/* End PBXFileReference section */

/* Begin PBXFrameworksBuildPhase section */
		BFC82F8F19B9EFFA00F4436F /* Frameworks */ = {
			isa = PBXFrameworksBuildPhase;
			buildActionMask = 2147483647;
			files = (
				BFC82FD019C0287700F4436F /* iAd.framework in Frameworks */,
				BFC82FCE19BD9CAF00F4436F /* GameKit.framework in Frameworks */,
				BFC82F9819B9EFFB00F4436F /* CoreGraphics.framework in Frameworks */,
				BFC82F9A19B9EFFB00F4436F /* UIKit.framework in Frameworks */,
				BFC82F9619B9EFFB00F4436F /* Foundation.framework in Frameworks */,
			);
			runOnlyForDeploymentPostprocessing = 0;
		};
		BFC82FB319B9EFFB00F4436F /* Frameworks */ = {
			isa = PBXFrameworksBuildPhase;
			buildActionMask = 2147483647;
			files = (
				BFC82FB819B9EFFB00F4436F /* XCTest.framework in Frameworks */,
				BFC82FBA19B9EFFB00F4436F /* UIKit.framework in Frameworks */,
				BFC82FB919B9EFFB00F4436F /* Foundation.framework in Frameworks */,
			);
			runOnlyForDeploymentPostprocessing = 0;
		};
/* End PBXFrameworksBuildPhase section */

/* Begin PBXGroup section */
		BF40580B19C8503500986769 /* resources */ = {
			isa = PBXGroup;
			children = (
				BFBD07D519D15C3B006A5247 /* lighthouse.jpg */,
				BF319C7E19C9AE95004B04FC /* zebra.jpg */,
				BFBD07D319D06A43006A5247 /* team.png */,
				BF40580C19C8509C00986769 /* pass.jpg */,
			);
			name = resources;
			sourceTree = "<group>";
		};
		BFC82F8919B9EFFA00F4436F = {
			isa = PBXGroup;
			children = (
				BFC82F9B19B9EFFB00F4436F /* ProximityChat */,
				BFC82FBD19B9EFFB00F4436F /* ProximityChatTests */,
				BFC82F9419B9EFFA00F4436F /* Frameworks */,
				BFC82F9319B9EFFA00F4436F /* Products */,
			);
			sourceTree = "<group>";
		};
		BFC82F9319B9EFFA00F4436F /* Products */ = {
			isa = PBXGroup;
			children = (
				BFC82F9219B9EFFA00F4436F /* ProximityChat.app */,
				BFC82FB619B9EFFB00F4436F /* ProximityChatTests.xctest */,
			);
			name = Products;
			sourceTree = "<group>";
		};
		BFC82F9419B9EFFA00F4436F /* Frameworks */ = {
			isa = PBXGroup;
			children = (
				BFC82FCF19C0287700F4436F /* iAd.framework */,
				BFC82FCD19BD9CAF00F4436F /* GameKit.framework */,
				BFC82F9519B9EFFB00F4436F /* Foundation.framework */,
				BFC82F9719B9EFFB00F4436F /* CoreGraphics.framework */,
				BFC82F9919B9EFFB00F4436F /* UIKit.framework */,
				BFC82FB719B9EFFB00F4436F /* XCTest.framework */,
			);
			name = Frameworks;
			sourceTree = "<group>";
		};
		BFC82F9B19B9EFFB00F4436F /* ProximityChat */ = {
			isa = PBXGroup;
			children = (
				BF40580B19C8503500986769 /* resources */,
				BFC82FA419B9EFFB00F4436F /* PROCAppDelegate.h */,
				BFC82FA519B9EFFB00F4436F /* PROCAppDelegate.m */,
				BFC82FA719B9EFFB00F4436F /* Main_iPhone.storyboard */,
				BFC82FAA19B9EFFB00F4436F /* Main_iPad.storyboard */,
				BFC82FAD19B9EFFB00F4436F /* PROCViewController.h */,
				BFBD07D019CAC2E0006A5247 /* CustomView.h */,
				BFBD07D119CAC2E0006A5247 /* CustomView.m */,
				BFC82FAE19B9EFFB00F4436F /* PROCViewController.m */,
				BFC82FB019B9EFFB00F4436F /* Images.xcassets */,
				BFC82F9C19B9EFFB00F4436F /* Supporting Files */,
				BF40580E19C8560700986769 /* SplitImage.h */,
				BF40580F19C8560700986769 /* SplitImage.m */,
			);
			path = ProximityChat;
			sourceTree = "<group>";
		};
		BFC82F9C19B9EFFB00F4436F /* Supporting Files */ = {
			isa = PBXGroup;
			children = (
				BFC82F9D19B9EFFB00F4436F /* ProximityChat-Info.plist */,
				BFC82F9E19B9EFFB00F4436F /* InfoPlist.strings */,
				BFC82FA119B9EFFB00F4436F /* main.m */,
				BFC82FA319B9EFFB00F4436F /* ProximityChat-Prefix.pch */,
			);
			name = "Supporting Files";
			sourceTree = "<group>";
		};
		BFC82FBD19B9EFFB00F4436F /* ProximityChatTests */ = {
			isa = PBXGroup;
			children = (
				BFC82FC319B9EFFB00F4436F /* ProximityChatTests.m */,
				BFC82FBE19B9EFFB00F4436F /* Supporting Files */,
			);
			path = ProximityChatTests;
			sourceTree = "<group>";
		};
		BFC82FBE19B9EFFB00F4436F /* Supporting Files */ = {
			isa = PBXGroup;
			children = (
				BFC82FBF19B9EFFB00F4436F /* ProximityChatTests-Info.plist */,
				BFC82FC019B9EFFB00F4436F /* InfoPlist.strings */,
			);
			name = "Supporting Files";
			sourceTree = "<group>";
		};
/* End PBXGroup section */

/* Begin PBXNativeTarget section */
		BFC82F9119B9EFFA00F4436F /* ProximityChat */ = {
			isa = PBXNativeTarget;
			buildConfigurationList = BFC82FC719B9EFFB00F4436F /* Build configuration list for PBXNativeTarget "ProximityChat" */;
			buildPhases = (
				BFC82F8E19B9EFFA00F4436F /* Sources */,
				BFC82F8F19B9EFFA00F4436F /* Frameworks */,
				BFC82F9019B9EFFA00F4436F /* Resources */,
			);
			buildRules = (
			);
			dependencies = (
			);
			name = ProximityChat;
			productName = ProximityChat;
			productReference = BFC82F9219B9EFFA00F4436F /* ProximityChat.app */;
			productType = "com.apple.product-type.application";
		};
		BFC82FB519B9EFFB00F4436F /* ProximityChatTests */ = {
			isa = PBXNativeTarget;
			buildConfigurationList = BFC82FCA19B9EFFB00F4436F /* Build configuration list for PBXNativeTarget "ProximityChatTests" */;
			buildPhases = (
				BFC82FB219B9EFFB00F4436F /* Sources */,
				BFC82FB319B9EFFB00F4436F /* Frameworks */,
				BFC82FB419B9EFFB00F4436F /* Resources */,
			);
			buildRules = (
			);
			dependencies = (
				BFC82FBC19B9EFFB00F4436F /* PBXTargetDependency */,
			);
			name = ProximityChatTests;
			productName = ProximityChatTests;
			productReference = BFC82FB619B9EFFB00F4436F /* ProximityChatTests.xctest */;
			productType = "com.apple.product-type.bundle.unit-test";
		};
/* End PBXNativeTarget section */

/* Begin PBXProject section */
		BFC82F8A19B9EFFA00F4436F /* Project object */ = {
			isa = PBXProject;
			attributes = {
				CLASSPREFIX = PROC;
				LastUpgradeCheck = 0510;
				ORGANIZATIONNAME = "Paul Bright";
				TargetAttributes = {
					BFC82FB519B9EFFB00F4436F = {
						TestTargetID = BFC82F9119B9EFFA00F4436F;
					};
				};
			};
			buildConfigurationList = BFC82F8D19B9EFFA00F4436F /* Build configuration list for PBXProject "ProximityChat" */;
			compatibilityVersion = "Xcode 3.2";
			developmentRegion = English;
			hasScannedForEncodings = 0;
			knownRegions = (
				en,
				Base,
			);
			mainGroup = BFC82F8919B9EFFA00F4436F;
			productRefGroup = BFC82F9319B9EFFA00F4436F /* Products */;
			projectDirPath = "";
			projectRoot = "";
			targets = (
				BFC82F9119B9EFFA00F4436F /* ProximityChat */,
				BFC82FB519B9EFFB00F4436F /* ProximityChatTests */,
			);
		};
/* End PBXProject section */

/* Begin PBXResourcesBuildPhase section */
		BFC82F9019B9EFFA00F4436F /* Resources */ = {
			isa = PBXResourcesBuildPhase;
			buildActionMask = 2147483647;
			files = (
				BFC82FAC19B9EFFB00F4436F /* Main_iPad.storyboard in Resources */,
				BFBD07D619D15C3B006A5247 /* lighthouse.jpg in Resources */,
				BF40580D19C8509C00986769 /* pass.jpg in Resources */,
				BFC82FB119B9EFFB00F4436F /* Images.xcassets in Resources */,
				BFC82FA919B9EFFB00F4436F /* Main_iPhone.storyboard in Resources */,
				BF319C7F19C9AE95004B04FC /* zebra.jpg in Resources */,
				BFC82FA019B9EFFB00F4436F /* InfoPlist.strings in Resources */,
				BFBD07D419D06A43006A5247 /* team.png in Resources */,
			);
			runOnlyForDeploymentPostprocessing = 0;
		};
		BFC82FB419B9EFFB00F4436F /* Resources */ = {
			isa = PBXResourcesBuildPhase;
			buildActionMask = 2147483647;
			files = (
				BFC82FC219B9EFFB00F4436F /* InfoPlist.strings in Resources */,
			);
			runOnlyForDeploymentPostprocessing = 0;
		};
/* End PBXResourcesBuildPhase section */

/* Begin PBXSourcesBuildPhase section */
		BFC82F8E19B9EFFA00F4436F /* Sources */ = {
			isa = PBXSourcesBuildPhase;
			buildActionMask = 2147483647;
			files = (
				BFBD07D219CAC2E0006A5247 /* CustomView.m in Sources */,
				BFC82FA619B9EFFB00F4436F /* PROCAppDelegate.m in Sources */,
				BFC82FAF19B9EFFB00F4436F /* PROCViewController.m in Sources */,
				BF40581019C8560700986769 /* SplitImage.m in Sources */,
				BFC82FA219B9EFFB00F4436F /* main.m in Sources */,
			);
			runOnlyForDeploymentPostprocessing = 0;
		};
		BFC82FB219B9EFFB00F4436F /* Sources */ = {
			isa = PBXSourcesBuildPhase;
			buildActionMask = 2147483647;
			files = (
				BFC82FC419B9EFFB00F4436F /* ProximityChatTests.m in Sources */,
			);
			runOnlyForDeploymentPostprocessing = 0;
		};
/* End PBXSourcesBuildPhase section */

/* Begin PBXTargetDependency section */
		BFC82FBC19B9EFFB00F4436F /* PBXTargetDependency */ = {
			isa = PBXTargetDependency;
			target = BFC82F9119B9EFFA00F4436F /* ProximityChat */;
			targetProxy = BFC82FBB19B9EFFB00F4436F /* PBXContainerItemProxy */;
		};
/* End PBXTargetDependency section */

/* Begin PBXVariantGroup section */
		BFC82F9E19B9EFFB00F4436F /* InfoPlist.strings */ = {
			isa = PBXVariantGroup;
			children = (
				BFC82F9F19B9EFFB00F4436F /* en */,
			);
			name = InfoPlist.strings;
			sourceTree = "<group>";
		};
		BFC82FA719B9EFFB00F4436F /* Main_iPhone.storyboard */ = {
			isa = PBXVariantGroup;
			children = (
				BFC82FA819B9EFFB00F4436F /* Base */,
			);
			name = Main_iPhone.storyboard;
			sourceTree = "<group>";
		};
		BFC82FAA19B9EFFB00F4436F /* Main_iPad.storyboard */ = {
			isa = PBXVariantGroup;
			children = (
				BFC82FAB19B9EFFB00F4436F /* Base */,
			);
			name = Main_iPad.storyboard;
			sourceTree = "<group>";
		};
		BFC82FC019B9EFFB00F4436F /* InfoPlist.strings */ = {
			isa = PBXVariantGroup;
			children = (
				BFC82FC119B9EFFB00F4436F /* en */,
			);
			name = InfoPlist.strings;
			sourceTree = "<group>";
		};
/* End PBXVariantGroup section */

/* Begin XCBuildConfiguration section */
		BFC82FC519B9EFFB00F4436F /* Debug */ = {
			isa = XCBuildConfiguration;
			buildSettings = {
				ALWAYS_SEARCH_USER_PATHS = NO;
				CLANG_CXX_LANGUAGE_STANDARD = "gnu++0x";
				CLANG_CXX_LIBRARY = "libc++";
				CLANG_ENABLE_MODULES = YES;
				CLANG_ENABLE_OBJC_ARC = YES;
				CLANG_WARN_BOOL_CONVERSION = YES;
				CLANG_WARN_CONSTANT_CONVERSION = YES;
				CLANG_WARN_DIRECT_OBJC_ISA_USAGE = YES_ERROR;
				CLANG_WARN_EMPTY_BODY = YES;
				CLANG_WARN_ENUM_CONVERSION = YES;
				CLANG_WARN_INT_CONVERSION = YES;
				CLANG_WARN_OBJC_ROOT_CLASS = YES_ERROR;
				CLANG_WARN__DUPLICATE_METHOD_MATCH = YES;
				CODE_SIGN_IDENTITY = "Apple Development IOS Push Services: com.paulhome.proxychat";
				"CODE_SIGN_IDENTITY[sdk=iphoneos*]" = "iPhone Developer";
				COPY_PHASE_STRIP = NO;
				GCC_C_LANGUAGE_STANDARD = gnu99;
				GCC_DYNAMIC_NO_PIC = NO;
				GCC_OPTIMIZATION_LEVEL = 0;
				GCC_PREPROCESSOR_DEFINITIONS = (
					"DEBUG=1",
					"$(inherited)",
				);
				GCC_SYMBOLS_PRIVATE_EXTERN = NO;
				GCC_WARN_64_TO_32_BIT_CONVERSION = YES;
				GCC_WARN_ABOUT_RETURN_TYPE = YES_ERROR;
				GCC_WARN_UNDECLARED_SELECTOR = YES;
				GCC_WARN_UNINITIALIZED_AUTOS = YES_AGGRESSIVE;
				GCC_WARN_UNUSED_FUNCTION = YES;
				GCC_WARN_UNUSED_VARIABLE = YES;
				IPHONEOS_DEPLOYMENT_TARGET = 7.1;
				ONLY_ACTIVE_ARCH = YES;
				SDKROOT = iphoneos;
				TARGETED_DEVICE_FAMILY = "1,2";
			};
			name = Debug;
		};
		BFC82FC619B9EFFB00F4436F /* Release */ = {
			isa = XCBuildConfiguration;
			buildSettings = {
				ALWAYS_SEARCH_USER_PATHS = NO;
				CLANG_CXX_LANGUAGE_STANDARD = "gnu++0x";
				CLANG_CXX_LIBRARY = "libc++";
				CLANG_ENABLE_MODULES = YES;
				CLANG_ENABLE_OBJC_ARC = YES;
				CLANG_WARN_BOOL_CONVERSION = YES;
				CLANG_WARN_CONSTANT_CONVERSION = YES;
				CLANG_WARN_DIRECT_OBJC_ISA_USAGE = YES_ERROR;
				CLANG_WARN_EMPTY_BODY = YES;
				CLANG_WARN_ENUM_CONVERSION = YES;
				CLANG_WARN_INT_CONVERSION = YES;
				CLANG_WARN_OBJC_ROOT_CLASS = YES_ERROR;
				CLANG_WARN__DUPLICATE_METHOD_MATCH = YES;
				"CODE_SIGN_IDENTITY[sdk=iphoneos*]" = "iPhone Developer";
				COPY_PHASE_STRIP = YES;
				ENABLE_NS_ASSERTIONS = NO;
				GCC_C_LANGUAGE_STANDARD = gnu99;
				GCC_WARN_64_TO_32_BIT_CONVERSION = YES;
				GCC_WARN_ABOUT_RETURN_TYPE = YES_ERROR;
				GCC_WARN_UNDECLARED_SELECTOR = YES;
				GCC_WARN_UNINITIALIZED_AUTOS = YES_AGGRESSIVE;
				GCC_WARN_UNUSED_FUNCTION = YES;
				GCC_WARN_UNUSED_VARIABLE = YES;
				IPHONEOS_DEPLOYMENT_TARGET = 7.1;
				SDKROOT = iphoneos;
				TARGETED_DEVICE_FAMILY = "1,2";
				VALIDATE_PRODUCT = YES;
			};
			name = Release;
		};
		BFC82FC819B9EFFB00F4436F /* Debug */ = {
			isa = XCBuildConfiguration;
			buildSettings = {
				ASSETCATALOG_COMPILER_APPICON_NAME = AppIcon;
				ASSETCATALOG_COMPILER_LAUNCHIMAGE_NAME = LaunchImage;
				CODE_SIGN_IDENTITY = "iPhone Developer";
				GCC_PRECOMPILE_PREFIX_HEADER = YES;
				GCC_PREFIX_HEADER = "ProximityChat/ProximityChat-Prefix.pch";
				INFOPLIST_FILE = "ProximityChat/ProximityChat-Info.plist";
				PRODUCT_NAME = "$(TARGET_NAME)";
				WRAPPER_EXTENSION = app;
			};
			name = Debug;
		};
		BFC82FC919B9EFFB00F4436F /* Release */ = {
			isa = XCBuildConfiguration;
			buildSettings = {
				ASSETCATALOG_COMPILER_APPICON_NAME = AppIcon;
				ASSETCATALOG_COMPILER_LAUNCHIMAGE_NAME = LaunchImage;
				GCC_PRECOMPILE_PREFIX_HEADER = YES;
				GCC_PREFIX_HEADER = "ProximityChat/ProximityChat-Prefix.pch";
				INFOPLIST_FILE = "ProximityChat/ProximityChat-Info.plist";
				PRODUCT_NAME = "$(TARGET_NAME)";
				WRAPPER_EXTENSION = app;
			};
			name = Release;
		};
		BFC82FCB19B9EFFB00F4436F /* Debug */ = {
			isa = XCBuildConfiguration;
			buildSettings = {
				BUNDLE_LOADER = "$(BUILT_PRODUCTS_DIR)/ProximityChat.app/ProximityChat";
				FRAMEWORK_SEARCH_PATHS = (
					"$(SDKROOT)/Developer/Library/Frameworks",
					"$(inherited)",
					"$(DEVELOPER_FRAMEWORKS_DIR)",
				);
				GCC_PRECOMPILE_PREFIX_HEADER = YES;
				GCC_PREFIX_HEADER = "ProximityChat/ProximityChat-Prefix.pch";
				GCC_PREPROCESSOR_DEFINITIONS = (
					"DEBUG=1",
					"$(inherited)",
				);
				INFOPLIST_FILE = "ProximityChatTests/ProximityChatTests-Info.plist";
				PRODUCT_NAME = "$(TARGET_NAME)";
				TEST_HOST = "$(BUNDLE_LOADER)";
				WRAPPER_EXTENSION = xctest;
			};
			name = Debug;
		};
		BFC82FCC19B9EFFB00F4436F /* Release */ = {
			isa = XCBuildConfiguration;
			buildSettings = {
				BUNDLE_LOADER = "$(BUILT_PRODUCTS_DIR)/ProximityChat.app/ProximityChat";
				FRAMEWORK_SEARCH_PATHS = (
					"$(SDKROOT)/Developer/Library/Frameworks",
					"$(inherited)",
					"$(DEVELOPER_FRAMEWORKS_DIR)",
				);
				GCC_PRECOMPILE_PREFIX_HEADER = YES;
				GCC_PREFIX_HEADER = "ProximityChat/ProximityChat-Prefix.pch";
				INFOPLIST_FILE = "ProximityChatTests/ProximityChatTests-Info.plist";
				PRODUCT_NAME = "$(TARGET_NAME)";
				TEST_HOST = "$(BUNDLE_LOADER)";
				WRAPPER_EXTENSION = xctest;
			};
			name = Release;
		};
/* End XCBuildConfiguration section */

/* Begin XCConfigurationList section */
		BFC82F8D19B9EFFA00F4436F /* Build configuration list for PBXProject "ProximityChat" */ = {
			isa = XCConfigurationList;
			buildConfigurations = (
				BFC82FC519B9EFFB00F4436F /* Debug */,
				BFC82FC619B9EFFB00F4436F /* Release */,
			);
			defaultConfigurationIsVisible = 0;
			defaultConfigurationName = Release;
		};
		BFC82FC719B9EFFB00F4436F /* Build configuration list for PBXNativeTarget "ProximityChat" */ = {
			isa = XCConfigurationList;
			buildConfigurations = (
				BFC82FC819B9EFFB00F4436F /* Debug */,
				BFC82FC919B9EFFB00F4436F /* Release */,
			);
			defaultConfigurationIsVisible = 0;
			defaultConfigurationName = Release;
		};
		BFC82FCA19B9EFFB00F4436F /* Build configuration list for PBXNativeTarget "ProximityChatTests" */ = {
			isa = XCConfigurationList;
			buildConfigurations = (
				BFC82FCB19B9EFFB00F4436F /* Debug */,
				BFC82FCC19B9EFFB00F4436F /* Release */,
			);
			defaultConfigurationIsVisible = 0;
			defaultConfigurationName = Release;
		};
/* End XCConfigurationList section */
	};
	rootObject = BFC82F8A19B9EFFA00F4436F /* Project object */;
}
